
Microsoft Visual Studio Solution File, Format Version 12.00
# Visual Studio Version 17
VisualStudioVersion = 17.4.33213.308
MinimumVisualStudioVersion = 10.0.40219.1
Project("{FAE04EC0-301F-11D3-BF4B-00C04F79EFBC}") = "Deliverable2 GradeCalculator", "Deliverable2 GradeCalculator\Deliverable2 GradeCalculator.csproj", "{7BCFAB94-F756-4F6F-B45C-8EA268D05AB4}"
EndProject
Global
	GlobalSection(SolutionConfigurationPlatforms) = preSolution
		Debug|Any CPU = Debug|Any CPU
		Release|Any CPU = Release|Any CPU
	EndGlobalSection
	GlobalSection(ProjectConfigurationPlatforms) = postSolution
		{7BCFAB94-F756-4F6F-B45C-8EA268D05AB4}.Debug|Any CPU.ActiveCfg = Debug|Any CPU
		{7BCFAB94-F756-4F6F-B45C-8EA268D05AB4}.Debug|Any CPU.Build.0 = Debug|Any CPU
		{7BCFAB94-F756-4F6F-B45C-8EA268D05AB4}.Release|Any CPU.ActiveCfg = Release|Any CPU
		{7BCFAB94-F756-4F6F-B45C-8EA268D05AB4}.Release|Any CPU.Build.0 = Release|Any CPU
	EndGlobalSection
	GlobalSection(SolutionProperties) = preSolution
		HideSolutionNode = FALSE
	EndGlobalSection
	GlobalSection(ExtensibilityGlobals) = postSolution
		SolutionGuid = {D813B2D4-F216-44B2-804E-E9530D187A81}
	EndGlobalSection
EndGlobal
